PATH
  remote: .
  specs:
    eac_tools (0.107.0)
      avm (~> 0.98, >= 0.98.4)
      avm-eac_asciidoctor_base0 (~> 0.26, >= 0.26.1)
      avm-eac_generic_base0 (~> 0.15, >= 0.15.2)
      avm-eac_github_base0 (~> 0.3)
      avm-eac_gitlab_base0 (~> 0.5)
      avm-eac_latex_base0 (~> 0.3, >= 0.3.2)
      avm-eac_php_base0 (~> 0.5)
      avm-eac_postgresql_base0 (~> 0.5, >= 0.5.3)
      avm-eac_python_base0 (~> 0.2, >= 0.2.2)
      avm-eac_rails_base0 (~> 0.11, >= 0.11.1)
      avm-eac_rails_base1 (~> 0.11, >= 0.11.1)
      avm-eac_redmine_base0 (~> 0.24, >= 0.24.1)
      avm-eac_redmine_plugin_base0 (~> 0.5)
      avm-eac_ruby_base0 (~> 0.1)
      avm-eac_ruby_base1 (~> 0.39)
      avm-eac_webapp_base0 (~> 0.21, >= 0.21.3)
      avm-eac_wordpress_base0 (~> 0.3, >= 0.3.2)
      avm-git (~> 0.21, >= 0.21.1)
      avm-tools (~> 0.163, >= 0.163.6)
      eac_ruby_utils (~> 0.128, >= 0.128.6)

PATH
  remote: sub/aranha-parsers
  specs:
    aranha-parsers (0.26.2)
      activesupport (>= 4.0.0)
      addressable (~> 2.8, >= 2.8.8)
      aranha (~> 0.20)
      eac_envs-http (~> 0.7, >= 0.7.1)
      eac_ruby_utils (~> 0.129)
      nokogiri (~> 1.19)
      ofx-parser (~> 1.1)

PATH
  remote: sub/avm-eac_redmine_base0
  specs:
    avm-eac_redmine_base0 (0.24.1)
      avm (~> 0.98, >= 0.98.4)
      avm-eac_generic_base0 (~> 0.15, >= 0.15.2)
      avm-eac_rails_base1 (~> 0.11, >= 0.11.1)
      avm-eac_ubuntu_base0 (~> 0.7)
      eac_fs (~> 0.20)
      eac_rest (~> 0.12)
      eac_ruby_utils (~> 0.129)

PATH
  remote: sub/avm-eac_ruby_base1
  specs:
    avm-eac_ruby_base1 (0.39.0)
      aranha-parsers (~> 0.26, >= 0.26.2)
      avm (~> 0.98, >= 0.98.4)
      avm-eac_generic_base0 (~> 0.15, >= 0.15.2)
      eac_envs-http (~> 0.7, >= 0.7.1)
      eac_ruby_utils (~> 0.129)

PATH
  remote: sub/avm-tools
  specs:
    avm-tools (0.163.6)
      avm (~> 0.98, >= 0.98.4)
      eac_ruby_base0 (~> 0.19, >= 0.19.3)

PATH
  remote: sub/avm
  specs:
    avm (0.98.4)
      eac_cli (~> 0.45)
      eac_config (~> 0.15)
      eac_docker (~> 0.8)
      eac_fs (~> 0.20)
      eac_ruby_utils (~> 0.129)
      eac_templates (~> 0.8, >= 0.8.3)
      minitar (~> 0.12, >= 0.12.1)

PATH
  remote: sub/eac_envs-http
  specs:
    eac_envs-http (0.7.1)
      eac_fs (~> 0.20)
      eac_ruby_utils (~> 0.129)
      faraday (~> 2.14, >= 2.14.1)
      faraday-follow_redirects (~> 0.5)
      faraday-gzip (~> 0.1)
      faraday-multipart (~> 1.2)
      faraday-retry (~> 2.4)
      random-port (~> 0.7, >= 0.7.6)
      webrick

PATH
  remote: sub/eac_ruby_base0
  specs:
    eac_ruby_base0 (0.19.3)
      avm-eac_ruby_base1 (~> 0.39)
      eac_cli (~> 0.45)
      eac_fs (~> 0.20)
      eac_ruby_utils (~> 0.129)

PATH
  remote: sub/eac_ruby_gem_support
  specs:
    eac_ruby_gem_support (0.12.1)
      eac_ruby_utils (~> 0.129)
      rspec (~> 3.13, >= 3.13.2)
      rubocop (~> 1.84, >= 1.84.1)
      rubocop-rails (~> 2.34, >= 2.34.3)
      rubocop-rspec (~> 3.9)
      super_diff (~> 0.18)

PATH
  remote: sub/eac_ruby_utils
  specs:
    eac_ruby_utils (0.129.0)
      activesupport (>= 4, < 7)
      addressable (~> 2.8, >= 2.8.8)
      bundler
      filesize (~> 0.2)
      net-ssh (~> 4.2)
      zeitwerk (~> 2.7, >= 2.7.4)

GEM
  remote: https://rubygems.org/
  specs:
    activesupport (6.1.7.10)
      concurrent-ruby (~> 1.0, >= 1.0.2)
      i18n (>= 1.6, < 2)
      minitest (>= 5.1)
      tzinfo (~> 2.0)
      zeitwerk (~> 2.3)
    addressable (2.8.8)
      public_suffix (>= 2.0.2, < 8.0)
    aranha (0.20.0)
      eac_ruby_utils (~> 0.128)
    asciidoctor (2.0.26)
    ast (2.4.3)
    attr_extras (7.1.0)
    avm-eac_asciidoctor_base0 (0.26.1)
      asciidoctor (~> 2.0, >= 2.0.26)
      avm-eac_webapp_base0 (~> 0.21, >= 0.21.3)
      eac_fs (~> 0.20)
      eac_ruby_utils (~> 0.128, >= 0.128.6)
      os (~> 1.1, >= 1.1.4)
      rouge (~> 3.30)
    avm-eac_generic_base0 (0.15.2)
      avm (~> 0.98, >= 0.98.2)
      eac_ruby_utils (~> 0.128, >= 0.128.6)
    avm-eac_github_base0 (0.3.0)
      avm (~> 0.82)
      avm-git (~> 0.14)
      eac_rest (~> 0.10)
      eac_ruby_utils (~> 0.119, >= 0.119.2)
    avm-eac_gitlab_base0 (0.5.0)
      avm-eac_github_base0 (~> 0.3)
      eac_ruby_utils (~> 0.124)
    avm-eac_latex_base0 (0.3.2)
      avm (~> 0.84, >= 0.84.2)
      avm-eac_webapp_base0 (~> 0.18, >= 0.18.3)
      eac_ruby_utils (~> 0.121)
    avm-eac_php_base0 (0.5.0)
      avm-eac_generic_base0 (~> 0.13)
      avm-eac_webapp_base0 (~> 0.20)
      eac_ruby_utils (~> 0.122)
    avm-eac_postgresql_base0 (0.5.3)
      avm (~> 0.85)
      eac_ruby_utils (~> 0.121)
    avm-eac_python_base0 (0.2.2)
      avm-eac_generic_base0 (~> 0.12, >= 0.12.1)
      eac_ruby_utils (~> 0.119, >= 0.119.2)
    avm-eac_rails_base0 (0.11.1)
      avm-eac_rails_base1 (~> 0.10)
      eac_ruby_utils (~> 0.121)
    avm-eac_rails_base1 (0.11.1)
      avm (~> 0.98, >= 0.98.2)
      avm-eac_ruby_base1 (~> 0.38, >= 0.38.1)
      avm-eac_webapp_base0 (~> 0.21, >= 0.21.3)
      eac_ruby_utils (~> 0.128, >= 0.128.6)
    avm-eac_redmine_plugin_base0 (0.5.0)
      avm-eac_ruby_base1 (~> 0.38, >= 0.38.1)
      eac_ruby_utils (~> 0.128, >= 0.128.6)
    avm-eac_ruby_base0 (0.1.0)
      avm-eac_ruby_base1 (~> 0.34)
      eac_ruby_utils (~> 0.122)
    avm-eac_ubuntu_base0 (0.7.0)
      avm (~> 0.98, >= 0.98.2)
      eac_ruby_utils (~> 0.128, >= 0.128.6)
      eac_templates (~> 0.8, >= 0.8.3)
    avm-eac_webapp_base0 (0.21.3)
      avm (~> 0.98, >= 0.98.2)
      avm-eac_generic_base0 (~> 0.15, >= 0.15.2)
      avm-eac_postgresql_base0 (~> 0.5, >= 0.5.3)
      avm-eac_ubuntu_base0 (~> 0.6)
      eac_ruby_utils (~> 0.128, >= 0.128.6)
      htmlbeautifier (~> 1.4, >= 1.4.3)
    avm-eac_wordpress_base0 (0.3.2)
      avm (~> 0.86, >= 0.86.2)
      avm-eac_webapp_base0 (~> 0.18, >= 0.18.4)
      eac_ruby_utils (~> 0.121)
    avm-git (0.21.1)
      avm (~> 0.98, >= 0.98.1)
      eac_git (~> 0.18, >= 0.18.1)
      eac_ruby_utils (~> 0.128, >= 0.128.4)
      git (~> 1.19, >= 1.19.1)
    clipboard (2.0.0)
    colorize (0.8.1)
    concurrent-ruby (1.3.6)
    content-type (0.0.2)
      parslet (~> 2.0)
    diff-lcs (1.6.2)
    eac_cli (0.45.0)
      clipboard (~> 2.0)
      colorize (~> 0.8, >= 0.8.1)
      eac_config (~> 0.15)
      eac_ruby_utils (~> 0.128, >= 0.128.6)
      tty-table (~> 0.12)
    eac_config (0.15.0)
      addressable (~> 2.8, >= 2.8.7)
      eac_ruby_utils (~> 0.127)
    eac_docker (0.8.0)
      eac_ruby_utils (~> 0.128, >= 0.128.2)
      eac_templates (~> 0.8, >= 0.8.1)
    eac_fs (0.20.0)
      content-type (~> 0.0, >= 0.0.2)
      eac_ruby_utils (~> 0.128, >= 0.128.5)
      ruby-filemagic (~> 0.7, >= 0.7.3)
    eac_git (0.18.1)
      eac_ruby_utils (~> 0.128, >= 0.128.3)
      parseconfig (~> 1.1, >= 1.1.2)
    eac_rest (0.12.0)
      eac_envs-http (~> 0.5)
      eac_fs (~> 0.16)
      eac_ruby_utils (~> 0.120)
    eac_templates (0.8.3)
      eac_config (~> 0.15)
      eac_ruby_utils (~> 0.128, >= 0.128.5)
    faraday (2.14.1)
      faraday-net_http (>= 2.0, < 3.5)
      json
      logger
    faraday-follow_redirects (0.5.0)
      faraday (>= 1, < 3)
    faraday-gzip (0.1.0)
      faraday (>= 1.0)
      zlib (~> 2.1)
    faraday-multipart (1.2.0)
      multipart-post (~> 2.0)
    faraday-net_http (3.4.2)
      net-http (~> 0.5)
    faraday-retry (2.4.0)
      faraday (~> 2.0)
    filesize (0.2.0)
    git (1.19.1)
      addressable (~> 2.8)
      rchardet (~> 1.8)
    hpricot (0.8.6)
    htmlbeautifier (1.4.3)
    i18n (1.14.8)
      concurrent-ruby (~> 1.0)
    json (2.18.1)
    language_server-protocol (3.17.0.5)
    lint_roller (1.1.0)
    logger (1.7.0)
    minitar (0.12.1)
    minitest (6.0.1)
      prism (~> 1.5)
    multipart-post (2.4.1)
    net-http (0.9.1)
      uri (>= 0.11.1)
    net-ssh (4.2.0)
    nokogiri (1.19.0-x86_64-linux-gnu)
      racc (~> 1.4)
    ofx-parser (1.1.0)
      hpricot (>= 0.6)
    optimist (3.2.1)
    os (1.1.4)
    parallel (1.27.0)
    parseconfig (1.1.2)
    parser (3.3.10.1)
      ast (~> 2.4.1)
      racc
    parslet (2.0.0)
    pastel (0.8.0)
      tty-color (~> 0.5)
    patience_diff (1.2.0)
      optimist (~> 3.0)
    prism (1.9.0)
    public_suffix (7.0.2)
    racc (1.8.1)
    rack (3.2.4)
    rainbow (3.1.1)
    random-port (0.7.6)
      tago (~> 0.0)
    rchardet (1.10.0)
    regexp_parser (2.11.3)
    rouge (3.30.0)
    rspec (3.13.2)
      rspec-core (~> 3.13.0)
      rspec-expectations (~> 3.13.0)
      rspec-mocks (~> 3.13.0)
    rspec-core (3.13.6)
      rspec-support (~> 3.13.0)
    rspec-expectations (3.13.5)
      diff-lcs (>= 1.2.0, < 2.0)
      rspec-support (~> 3.13.0)
    rspec-mocks (3.13.7)
      diff-lcs (>= 1.2.0, < 2.0)
      rspec-support (~> 3.13.0)
    rspec-support (3.13.7)
    rubocop (1.84.1)
      json (~> 2.3)
      language_server-protocol (~> 3.17.0.2)
      lint_roller (~> 1.1.0)
      parallel (~> 1.10)
      parser (>= 3.3.0.2)
      rainbow (>= 2.2.2, < 4.0)
      regexp_parser (>= 2.9.3, < 3.0)
      rubocop-ast (>= 1.49.0, < 2.0)
      ruby-progressbar (~> 1.7)
      unicode-display_width (>= 2.4.0, < 4.0)
    rubocop-ast (1.49.0)
      parser (>= 3.3.7.2)
      prism (~> 1.7)
    rubocop-rails (2.34.3)
      activesupport (>= 4.2.0)
      lint_roller (~> 1.1)
      rack (>= 1.1)
      rubocop (>= 1.75.0, < 2.0)
      rubocop-ast (>= 1.44.0, < 2.0)
    rubocop-rspec (3.9.0)
      lint_roller (~> 1.1)
      rubocop (~> 1.81)
    ruby-filemagic (0.7.3)
    ruby-progressbar (1.13.0)
    strings (0.2.1)
      strings-ansi (~> 0.2)
      unicode-display_width (>= 1.5, < 3.0)
      unicode_utils (~> 1.4)
    strings-ansi (0.2.0)
    super_diff (0.18.0)
      attr_extras (>= 6.2.4)
      diff-lcs
      patience_diff
    tago (0.7.0)
    tty-color (0.6.0)
    tty-screen (0.8.2)
    tty-table (0.12.0)
      pastel (~> 0.8)
      strings (~> 0.2.0)
      tty-screen (~> 0.8)
    tzinfo (2.0.6)
      concurrent-ruby (~> 1.0)
    unicode-display_width (2.6.0)
    unicode_utils (1.4.0)
    uri (1.1.1)
    webrick (1.9.2)
    zeitwerk (2.7.4)
    zlib (2.1.1)

PLATFORMS
  x86_64-linux-gnu

DEPENDENCIES
  aranha-parsers!
  avm!
  avm-eac_redmine_base0!
  avm-eac_ruby_base1!
  avm-tools!
  eac_envs-http!
  eac_ruby_base0!
  eac_ruby_gem_support (~> 0.12, >= 0.12.1, >= 0)!
  eac_ruby_utils!
  eac_tools!

BUNDLED WITH
   2.7.1
